// !$*UTF8*$!
{
	archiveVersion = 1;
	classes = {
	};
	objectVersion = 46;
	objects = {

/* Begin PBXBuildFile section */
		18E9A7DA1DF3E35100566FA5 /* AppDelegate.swift in Sources */ = {isa = PBXBuildFile; fileRef = 18E9A7D91DF3E35100566FA5 /* AppDelegate.swift */; };
		18E9A7DC1DF3E35100566FA5 /* ViewController.swift in Sources */ = {isa = PBXBuildFile; fileRef = 18E9A7DB1DF3E35100566FA5 /* ViewController.swift */; };
		18E9A7DF1DF3E35100566FA5 /* Main.storyboard in Resources */ = {isa = PBXBuildFile; fileRef = 18E9A7DD1DF3E35100566FA5 /* Main.storyboard */; };
		18E9A7E11DF3E35100566FA5 /* Assets.xcassets in Resources */ = {isa = PBXBuildFile; fileRef = 18E9A7E01DF3E35100566FA5 /* Assets.xcassets */; };
		18E9A7E41DF3E35100566FA5 /* LaunchScreen.storyboard in Resources */ = {isa = PBXBuildFile; fileRef = 18E9A7E21DF3E35100566FA5 /* LaunchScreen.storyboard */; };
		18E9A7EF1DF3E35100566FA5 /* TestProjectTests.swift in Sources */ = {isa = PBXBuildFile; fileRef = 18E9A7EE1DF3E35100566FA5 /* TestProjectTests.swift */; };
		18E9A7FA1DF3E35100566FA5 /* TestProjectUITests.swift in Sources */ = {isa = PBXBuildFile; fileRef = 18E9A7F91DF3E35100566FA5 /* TestProjectUITests.swift */; };
/* End PBXBuildFile section */

/* Begin PBXContainerItemProxy section */
		18E9A7EB1DF3E35100566FA5 /* PBXContainerItemProxy */ = {
			isa = PBXContainerItemProxy;
			containerPortal = 18E9A7CE1DF3E35100566FA5 /* Project object */;
			proxyType = 1;
			remoteGlobalIDString = 18E9A7D51DF3E35100566FA5;
			remoteInfo = TestProject;
		};
		18E9A7F61DF3E35100566FA5 /* PBXContainerItemProxy */ = {
			isa = PBXContainerItemProxy;
			containerPortal = 18E9A7CE1DF3E35100566FA5 /* Project object */;
			proxyType = 1;
			remoteGlobalIDString = 18E9A7D51DF3E35100566FA5;
			remoteInfo = TestProject;
		};
/* End PBXContainerItemProxy section */

/* Begin PBXFileReference section */
		18E9A7D61DF3E35100566FA5 /* TestProject.app */ = {isa = PBXFileReference; explicitFileType = wrapper.application; includeInIndex = 0; path = TestProject.app; sourceTree = BUILT_PRODUCTS_DIR; };
		18E9A7D91DF3E35100566FA5 /* AppDelegate.swift */ = {isa = PBXFileReference; lastKnownFileType = sourcecode.swift; path = AppDelegate.swift; sourceTree = "<group>"; };
		18E9A7DB1DF3E35100566FA5 /* ViewController.swift */ = {isa = PBXFileReference; lastKnownFileType = sourcecode.swift; path = ViewController.swift; sourceTree = "<group>"; };
		18E9A7DE1DF3E35100566FA5 /* Base */ = {isa = PBXFileReference; lastKnownFileType = file.storyboard; name = Base; path = Base.lproj/Main.storyboard; sourceTree = "<group>"; };
		18E9A7E01DF3E35100566FA5 /* Assets.xcassets */ = {isa = PBXFileReference; lastKnownFileType = folder.assetcatalog; path = Assets.xcassets; sourceTree = "<group>"; };
		18E9A7E31DF3E35100566FA5 /* Base */ = {isa = PBXFileReference; lastKnownFileType = file.storyboard; name = Base; path = Base.lproj/LaunchScreen.storyboard; sourceTree = "<group>"; };
		18E9A7E51DF3E35100566FA5 /* Info.plist */ = {isa = PBXFileReference; lastKnownFileType = text.plist.xml; path = Info.plist; sourceTree = "<group>"; };
		18E9A7EA1DF3E35100566FA5 /* TestProjectTests.xctest */ = {isa = PBXFileReference; explicitFileType = wrapper.cfbundle; includeInIndex = 0; path = TestProjectTests.xctest; sourceTree = BUILT_PRODUCTS_DIR; };
		18E9A7EE1DF3E35100566FA5 /* TestProjectTests.swift */ = {isa = PBXFileReference; lastKnownFileType = sourcecode.swift; path = TestProjectTests.swift; sourceTree = "<group>"; };
		18E9A7F01DF3E35100566FA5 /* Info.plist */ = {isa = PBXFileReference; lastKnownFileType = text.plist.xml; path = Info.plist; sourceTree = "<group>"; };
		18E9A7F51DF3E35100566FA5 /* TestProjectUITests.xctest */ = {isa = PBXFileReference; explicitFileType = wrapper.cfbundle; includeInIndex = 0; path = TestProjectUITests.xctest; sourceTree = BUILT_PRODUCTS_DIR; };
		18E9A7F91DF3E35100566FA5 /* TestProjectUITests.swift */ = {isa = PBXFileReference; lastKnownFileType = sourcecode.swift; path = TestProjectUITests.swift; sourceTree = "<group>"; };
		18E9A7FB1DF3E35100566FA5 /* Info.plist */ = {isa = PBXFileReference; lastKnownFileType = text.plist.xml; path = Info.plist; sourceTree = "<group>"; };
/* End PBXFileReference section */

/* Begin PBXFrameworksBuildPhase section */
		18E9A7D31DF3E35100566FA5 /* Frameworks */ = {
			isa = PBXFrameworksBuildPhase;
			buildActionMask = 2147483647;
			files = (
			);
			runOnlyForDeploymentPostprocessing = 0;
		};
		18E9A7E71DF3E35100566FA5 /* Frameworks */ = {
			isa = PBXFrameworksBuildPhase;
			buildActionMask = 2147483647;
			files = (
			);
			runOnlyForDeploymentPostprocessing = 0;
		};
		18E9A7F21DF3E35100566FA5 /* Frameworks */ = {
			isa = PBXFrameworksBuildPhase;
			buildActionMask = 2147483647;
			files = (
			);
			runOnlyForDeploymentPostprocessing = 0;
		};
/* End PBXFrameworksBuildPhase section */

/* Begin PBXGroup section */
		18E9A7CD1DF3E35100566FA5 = {
			isa = PBXGroup;
			children = (
				18E9A7D81DF3E35100566FA5 /* TestProject */,
				18E9A7ED1DF3E35100566FA5 /* TestProjectTests */,
				18E9A7F81DF3E35100566FA5 /* TestProjectUITests */,
				18E9A7D71DF3E35100566FA5 /* Products */,
			);
			sourceTree = "<group>";
		};
		18E9A7D71DF3E35100566FA5 /* Products */ = {
			isa = PBXGroup;
			children = (
				18E9A7D61DF3E35100566FA5 /* TestProject.app */,
				18E9A7EA1DF3E35100566FA5 /* TestProjectTests.xctest */,
				18E9A7F51DF3E35100566FA5 /* TestProjectUITests.xctest */,
			);
			name = Products;
			sourceTree = "<group>";
		};
		18E9A7D81DF3E35100566FA5 /* TestProject */ = {
			isa = PBXGroup;
			children = (
				18E9A7D91DF3E35100566FA5 /* AppDelegate.swift */,
				18E9A7DB1DF3E35100566FA5 /* ViewController.swift */,
				18E9A7DD1DF3E35100566FA5 /* Main.storyboard */,
				18E9A7E01DF3E35100566FA5 /* Assets.xcassets */,
				18E9A7E21DF3E35100566FA5 /* LaunchScreen.storyboard */,
				18E9A7E51DF3E35100566FA5 /* Info.plist */,
			);
			path = TestProject;
			sourceTree = "<group>";
		};
		18E9A7ED1DF3E35100566FA5 /* TestProjectTests */ = {
			isa = PBXGroup;
			children = (
				18E9A7EE1DF3E35100566FA5 /* TestProjectTests.swift */,
				18E9A7F01DF3E35100566FA5 /* Info.plist */,
			);
			path = TestProjectTests;
			sourceTree = "<group>";
		};
		18E9A7F81DF3E35100566FA5 /* TestProjectUITests */ = {
			isa = PBXGroup;
			children = (
				18E9A7F91DF3E35100566FA5 /* TestProjectUITests.swift */,
				18E9A7FB1DF3E35100566FA5 /* Info.plist */,
			);
			path = TestProjectUITests;
			sourceTree = "<group>";
		};
/* End PBXGroup section */

/* Begin PBXNativeTarget section */
		18E9A7D51DF3E35100566FA5 /* TestProject */ = {
			isa = PBXNativeTarget;
			buildConfigurationList = 18E9A7FE1DF3E35100566FA5 /* Build configuration list for PBXNativeTarget "TestProject" */;
			buildPhases = (
				18E9A7D21DF3E35100566FA5 /* Sources */,
				18E9A7D31DF3E35100566FA5 /* Frameworks */,
				18E9A7D41DF3E35100566FA5 /* Resources */,
			);
			buildRules = (
			);
			dependencies = (
			);
			name = TestProject;
			productName = TestProject;
			productReference = 18E9A7D61DF3E35100566FA5 /* TestProject.app */;
			productType = "com.apple.product-type.application";
		};
		18E9A7E91DF3E35100566FA5 /* TestProjectTests */ = {
			isa = PBXNativeTarget;
			buildConfigurationList = 18E9A8011DF3E35100566FA5 /* Build configuration list for PBXNativeTarget "TestProjectTests" */;
			buildPhases = (
				18E9A7E61DF3E35100566FA5 /* Sources */,
				18E9A7E71DF3E35100566FA5 /* Frameworks */,
				18E9A7E81DF3E35100566FA5 /* Resources */,
			);
			buildRules = (
			);
			dependencies = (
				18E9A7EC1DF3E35100566FA5 /* PBXTargetDependency */,
			);
			name = TestProjectTests;
			productName = TestProjectTests;
			productReference = 18E9A7EA1DF3E35100566FA5 /* TestProjectTests.xctest */;
			productType = "com.apple.product-type.bundle.unit-test";
		};
		18E9A7F41DF3E35100566FA5 /* TestProjectUITests */ = {
			isa = PBXNativeTarget;
			buildConfigurationList = 18E9A8041DF3E35100566FA5 /* Build configuration list for PBXNativeTarget "TestProjectUITests" */;
			buildPhases = (
				18E9A7F11DF3E35100566FA5 /* Sources */,
				18E9A7F21DF3E35100566FA5 /* Frameworks */,
				18E9A7F31DF3E35100566FA5 /* Resources */,
			);
			buildRules = (
			);
			dependencies = (
				18E9A7F71DF3E35100566FA5 /* PBXTargetDependency */,
			);
			name = TestProjectUITests;
			productName = TestProjectUITests;
			productReference = 18E9A7F51DF3E35100566FA5 /* TestProjectUITests.xctest */;
			productType = "com.apple.product-type.bundle.ui-testing";
		};
/* End PBXNativeTarget section */

/* Begin PBXProject section */
		18E9A7CE1DF3E35100566FA5 /* Project object */ = {
			isa = PBXProject;
			attributes = {
				LastSwiftUpdateCheck = 0810;
				LastUpgradeCheck = 0810;
				ORGANIZATIONNAME = Vivek;
				TargetAttributes = {
					18E9A7D51DF3E35100566FA5 = {
						CreatedOnToolsVersion = 8.1;
						ProvisioningStyle = Automatic;
					};
					18E9A7E91DF3E35100566FA5 = {
						CreatedOnToolsVersion = 8.1;
						ProvisioningStyle = Automatic;
						TestTargetID = 18E9A7D51DF3E35100566FA5;
					};
					18E9A7F41DF3E35100566FA5 = {
						CreatedOnToolsVersion = 8.1;
						ProvisioningStyle = Automatic;
						TestTargetID = 18E9A7D51DF3E35100566FA5;
					};
				};
			};
			buildConfigurationList = 18E9A7D11DF3E35100566FA5 /* Build configuration list for PBXProject "TestProject" */;
			compatibilityVersion = "Xcode 3.2";
			developmentRegion = English;
			hasScannedForEncodings = 0;
			knownRegions = (
				en,
				Base,
			);
			mainGroup = 18E9A7CD1DF3E35100566FA5;
			productRefGroup = 18E9A7D71DF3E35100566FA5 /* Products */;
			projectDirPath = "";
			projectRoot = "";
			targets = (
				18E9A7D51DF3E35100566FA5 /* TestProject */,
				18E9A7E91DF3E35100566FA5 /* TestProjectTests */,
				18E9A7F41DF3E35100566FA5 /* TestProjectUITests */,
			);
		};
/* End PBXProject section */

/* Begin PBXResourcesBuildPhase section */
		18E9A7D41DF3E35100566FA5 /* Resources */ = {
			isa = PBXResourcesBuildPhase;
			buildActionMask = 2147483647;
			files = (
				18E9A7E41DF3E35100566FA5 /* LaunchScreen.storyboard in Resources */,
				18E9A7E11DF3E35100566FA5 /* Assets.xcassets in Resources */,
				18E9A7DF1DF3E35100566FA5 /* Main.storyboard in Resources */,
			);
			runOnlyForDeploymentPostprocessing = 0;
		};
		18E9A7E81DF3E35100566FA5 /* Resources */ = {
			isa = PBXResourcesBuildPhase;
			buildActionMask = 2147483647;
			files = (
			);
			runOnlyForDeploymentPostprocessing = 0;
		};
		18E9A7F31DF3E35100566FA5 /* Resources */ = {
			isa = PBXResourcesBuildPhase;
			buildActionMask = 2147483647;
			files = (
			);
			runOnlyForDeploymentPostprocessing = 0;
		};
/* End PBXResourcesBuildPhase section */

/* Begin PBXSourcesBuildPhase section */
		18E9A7D21DF3E35100566FA5 /* Sources */ = {
			isa = PBXSourcesBuildPhase;
			buildActionMask = 2147483647;
			files = (
				18E9A7DC1DF3E35100566FA5 /* ViewController.swift in Sources */,
				18E9A7DA1DF3E35100566FA5 /* AppDelegate.swift in Sources */,
			);
			runOnlyForDeploymentPostprocessing = 0;
		};
		18E9A7E61DF3E35100566FA5 /* Sources */ = {
			isa = PBXSourcesBuildPhase;
			buildActionMask = 2147483647;
			files = (
				18E9A7EF1DF3E35100566FA5 /* TestProjectTests.swift in Sources */,
			);
			runOnlyForDeploymentPostprocessing = 0;
		};
		18E9A7F11DF3E35100566FA5 /* Sources */ = {
			isa = PBXSourcesBuildPhase;
			buildActionMask = 2147483647;
			files = (
				18E9A7FA1DF3E35100566FA5 /* TestProjectUITests.swift in Sources */,
			);
			runOnlyForDeploymentPostprocessing = 0;
		};
/* End PBXSourcesBuildPhase section */

/* Begin PBXTargetDependency section */
		18E9A7EC1DF3E35100566FA5 /* PBXTargetDependency */ = {
			isa = PBXTargetDependency;
			target = 18E9A7D51DF3E35100566FA5 /* TestProject */;
			targetProxy = 18E9A7EB1DF3E35100566FA5 /* PBXContainerItemProxy */;
		};
		18E9A7F71DF3E35100566FA5 /* PBXTargetDependency */ = {
			isa = PBXTargetDependency;
			target = 18E9A7D51DF3E35100566FA5 /* TestProject */;
			targetProxy = 18E9A7F61DF3E35100566FA5 /* PBXContainerItemProxy */;
		};
/* End PBXTargetDependency section */

/* Begin PBXVariantGroup section */
		18E9A7DD1DF3E35100566FA5 /* Main.storyboard */ = {
			isa = PBXVariantGroup;
			children = (
				18E9A7DE1DF3E35100566FA5 /* Base */,
			);
			name = Main.storyboard;
			sourceTree = "<group>";
		};
		18E9A7E21DF3E35100566FA5 /* LaunchScreen.storyboard */ = {
			isa = PBXVariantGroup;
			children = (
				18E9A7E31DF3E35100566FA5 /* Base */,
			);
			name = LaunchScreen.storyboard;
			sourceTree = "<group>";
		};
/* End PBXVariantGroup section */

/* Begin XCBuildConfiguration section */
		18E9A7FC1DF3E35100566FA5 /* Debug */ = {
			isa = XCBuildConfiguration;
			buildSettings = {
				ALWAYS_SEARCH_USER_PATHS = NO;
				CLANG_ANALYZER_NONNULL = YES;
				CLANG_CXX_LANGUAGE_STANDARD = "gnu++0x";
				CLANG_CXX_LIBRARY = "libc++";
				CLANG_ENABLE_MODULES = YES;
				CLANG_ENABLE_OBJC_ARC = YES;
				CLANG_WARN_BOOL_CONVERSION = YES;
				CLANG_WARN_CONSTANT_CONVERSION = YES;
				CLANG_WARN_DIRECT_OBJC_ISA_USAGE = YES_ERROR;
				CLANG_WARN_DOCUMENTATION_COMMENTS = YES;
				CLANG_WARN_EMPTY_BODY = YES;
				CLANG_WARN_ENUM_CONVERSION = YES;
				CLANG_WARN_INFINITE_RECURSION = YES;
				CLANG_WARN_INT_CONVERSION = YES;
				CLANG_WARN_OBJC_ROOT_CLASS = YES_ERROR;
				CLANG_WARN_SUSPICIOUS_MOVES = YES;
				CLANG_WARN_UNREACHABLE_CODE = YES;
				CLANG_WARN__DUPLICATE_METHOD_MATCH = YES;
				"CODE_SIGN_IDENTITY[sdk=iphoneos*]" = "iPhone Developer";
				COPY_PHASE_STRIP = NO;
				DEBUG_INFORMATION_FORMAT = dwarf;
				ENABLE_STRICT_OBJC_MSGSEND = YES;
				ENABLE_TESTABILITY = YES;
				GCC_C_LANGUAGE_STANDARD = gnu99;
				GCC_DYNAMIC_NO_PIC = NO;
				GCC_NO_COMMON_BLOCKS = YES;
				GCC_OPTIMIZATION_LEVEL = 0;
				GCC_PREPROCESSOR_DEFINITIONS = (
					"DEBUG=1",
					"$(inherited)",
				);
				GCC_WARN_64_TO_32_BIT_CONVERSION = YES;
				GCC_WARN_ABOUT_RETURN_TYPE = YES_ERROR;
				GCC_WARN_UNDECLARED_SELECTOR = YES;
				GCC_WARN_UNINITIALIZED_AUTOS = YES_AGGRESSIVE;
				GCC_WARN_UNUSED_FUNCTION = YES;
				GCC_WARN_UNUSED_VARIABLE = YES;
				IPHONEOS_DEPLOYMENT_TARGET = 10.1;
				MTL_ENABLE_DEBUG_INFO = YES;
				ONLY_ACTIVE_ARCH = YES;
				SDKROOT = iphoneos;
				SWIFT_ACTIVE_COMPILATION_CONDITIONS = DEBUG;
				SWIFT_OPTIMIZATION_LEVEL = "-Onone";
				TARGETED_DEVICE_FAMILY = "1,2";
			};
			name = Debug;
		};
		18E9A7FD1DF3E35100566FA5 /* Release */ = {
			isa = XCBuildConfiguration;
			buildSettings = {
				ALWAYS_SEARCH_USER_PATHS = NO;
				CLANG_ANALYZER_NONNULL = YES;
				CLANG_CXX_LANGUAGE_STANDARD = "gnu++0x";
				CLANG_CXX_LIBRARY = "libc++";
				CLANG_ENABLE_MODULES = YES;
				CLANG_ENABLE_OBJC_ARC = YES;
				CLANG_WARN_BOOL_CONVERSION = YES;
				CLANG_WARN_CONSTANT_CONVERSION = YES;
				CLANG_WARN_DIRECT_OBJC_ISA_USAGE = YES_ERROR;
				CLANG_WARN_DOCUMENTATION_COMMENTS = YES;
				CLANG_WARN_EMPTY_BODY = YES;
				CLANG_WARN_ENUM_CONVERSION = YES;
				CLANG_WARN_INFINITE_RECURSION = YES;
				CLANG_WARN_INT_CONVERSION = YES;
				CLANG_WARN_OBJC_ROOT_CLASS = YES_ERROR;
				CLANG_WARN_SUSPICIOUS_MOVES = YES;
				CLANG_WARN_UNREACHABLE_CODE = YES;
				CLANG_WARN__DUPLICATE_METHOD_MATCH = YES;
				"CODE_SIGN_IDENTITY[sdk=iphoneos*]" = "iPhone Developer";
				COPY_PHASE_STRIP = NO;
				DEBUG_INFORMATION_FORMAT = "dwarf-with-dsym";
				ENABLE_NS_ASSERTIONS = NO;
				ENABLE_STRICT_OBJC_MSGSEND = YES;
				GCC_C_LANGUAGE_STANDARD = gnu99;
				GCC_NO_COMMON_BLOCKS = YES;
				GCC_WARN_64_TO_32_BIT_CONVERSION = YES;
				GCC_WARN_ABOUT_RETURN_TYPE = YES_ERROR;
				GCC_WARN_UNDECLARED_SELECTOR = YES;
				GCC_WARN_UNINITIALIZED_AUTOS = YES_AGGRESSIVE;
				GCC_WARN_UNUSED_FUNCTION = YES;
				GCC_WARN_UNUSED_VARIABLE = YES;
				IPHONEOS_DEPLOYMENT_TARGET = 10.1;
				MTL_ENABLE_DEBUG_INFO = NO;
				SDKROOT = iphoneos;
				SWIFT_OPTIMIZATION_LEVEL = "-Owholemodule";
				TARGETED_DEVICE_FAMILY = "1,2";
				VALIDATE_PRODUCT = YES;
			};
			name = Release;
		};
		18E9A7FF1DF3E35100566FA5 /* Debug */ = {
			isa = XCBuildConfiguration;
			buildSettings = {
				ASSETCATALOG_COMPILER_APPICON_NAME = AppIcon;
				INFOPLIST_FILE = TestProject/Info.plist;
				LD_RUNPATH_SEARCH_PATHS = "$(inherited) @executable_path/Frameworks";
				PRODUCT_BUNDLE_IDENTIFIER = com.vivek.TestProject;
				PRODUCT_NAME = "$(TARGET_NAME)";
				SWIFT_VERSION = 3.0;
			};
			name = Debug;
		};
		18E9A8001DF3E35100566FA5 /* Release */ = {
			isa = XCBuildConfiguration;
			buildSettings = {
				ASSETCATALOG_COMPILER_APPICON_NAME = AppIcon;
				INFOPLIST_FILE = TestProject/Info.plist;
				LD_RUNPATH_SEARCH_PATHS = "$(inherited) @executable_path/Frameworks";
				PRODUCT_BUNDLE_IDENTIFIER = com.vivek.TestProject;
				PRODUCT_NAME = "$(TARGET_NAME)";
				SWIFT_VERSION = 3.0;
			};
			name = Release;
		};
		18E9A8021DF3E35100566FA5 /* Debug */ = {
			isa = XCBuildConfiguration;
			buildSettings = {
				ALWAYS_EMBED_SWIFT_STANDARD_LIBRARIES = YES;
				BUNDLE_LOADER = "$(TEST_HOST)";
				INFOPLIST_FILE = TestProjectTests/Info.plist;
				LD_RUNPATH_SEARCH_PATHS = "$(inherited) @executable_path/Frameworks @loader_path/Frameworks";
				PRODUCT_BUNDLE_IDENTIFIER = com.vivek.TestProjectTests;
				PRODUCT_NAME = "$(TARGET_NAME)";
				SWIFT_VERSION = 3.0;
				TEST_HOST = "$(BUILT_PRODUCTS_DIR)/TestProject.app/TestProject";
			};
			name = Debug;
		};
		18E9A8031DF3E35100566FA5 /* Release */ = {
			isa = XCBuildConfiguration;
			buildSettings = {
				ALWAYS_EMBED_SWIFT_STANDARD_LIBRARIES = YES;
				BUNDLE_LOADER = "$(TEST_HOST)";
				INFOPLIST_FILE = TestProjectTests/Info.plist;
				LD_RUNPATH_SEARCH_PATHS = "$(inherited) @executable_path/Frameworks @loader_path/Frameworks";
				PRODUCT_BUNDLE_IDENTIFIER = com.vivek.TestProjectTests;
				PRODUCT_NAME = "$(TARGET_NAME)";
				SWIFT_VERSION = 3.0;
				TEST_HOST = "$(BUILT_PRODUCTS_DIR)/TestProject.app/TestProject";
			};
			name = Release;
		};
		18E9A8051DF3E35100566FA5 /* Debug */ = {
			isa = XCBuildConfiguration;
			buildSettings = {
				ALWAYS_EMBED_SWIFT_STANDARD_LIBRARIES = YES;
				INFOPLIST_FILE = TestProjectUITests/Info.plist;
				LD_RUNPATH_SEARCH_PATHS = "$(inherited) @executable_path/Frameworks @loader_path/Frameworks";
				PRODUCT_BUNDLE_IDENTIFIER = com.vivek.TestProjectUITests;
				PRODUCT_NAME = "$(TARGET_NAME)";
				SWIFT_VERSION = 3.0;
				TEST_TARGET_NAME = TestProject;
			};
			name = Debug;
		};
		18E9A8061DF3E35100566FA5 /* Release */ = {
			isa = XCBuildConfiguration;
			buildSettings = {
				ALWAYS_EMBED_SWIFT_STANDARD_LIBRARIES = YES;
				INFOPLIST_FILE = TestProjectUITests/Info.plist;
				LD_RUNPATH_SEARCH_PATHS = "$(inherited) @executable_path/Frameworks @loader_path/Frameworks";
				PRODUCT_BUNDLE_IDENTIFIER = com.vivek.TestProjectUITests;
				PRODUCT_NAME = "$(TARGET_NAME)";
				SWIFT_VERSION = 3.0;
				TEST_TARGET_NAME = TestProject;
			};
			name = Release;
		};
/* End XCBuildConfiguration section */

/* Begin XCConfigurationList section */
		18E9A7D11DF3E35100566FA5 /* Build configuration list for PBXProject "TestProject" */ = {
			isa = XCConfigurationList;
			buildConfigurations = (
				18E9A7FC1DF3E35100566FA5 /* Debug */,
				18E9A7FD1DF3E35100566FA5 /* Release */,
			);
			defaultConfigurationIsVisible = 0;
			defaultConfigurationName = Release;
		};
		18E9A7FE1DF3E35100566FA5 /* Build configuration list for PBXNativeTarget "TestProject" */ = {
			isa = XCConfigurationList;
			buildConfigurations = (
				18E9A7FF1DF3E35100566FA5 /* Debug */,
				18E9A8001DF3E35100566FA5 /* Release */,
			);
			defaultConfigurationIsVisible = 0;
		};
		18E9A8011DF3E35100566FA5 /* Build configuration list for PBXNativeTarget "TestProjectTests" */ = {
			isa = XCConfigurationList;
			buildConfigurations = (
				18E9A8021DF3E35100566FA5 /* Debug */,
				18E9A8031DF3E35100566FA5 /* Release */,
			);
			defaultConfigurationIsVisible = 0;
		};
		18E9A8041DF3E35100566FA5 /* Build configuration list for PBXNativeTarget "TestProjectUITests" */ = {
			isa = XCConfigurationList;
			buildConfigurations = (
				18E9A8051DF3E35100566FA5 /* Debug */,
				18E9A8061DF3E35100566FA5 /* Release */,
			);
			defaultConfigurationIsVisible = 0;
		};
/* End XCConfigurationList section */
	};
	rootObject = 18E9A7CE1DF3E35100566FA5 /* Project object */;
}
